
Microsoft Visual Studio Solution File, Format Version 12.00
# Visual Studio Version 16
VisualStudioVersion = 16.0.30114.105
MinimumVisualStudioVersion = 10.0.40219.1
Project("{FAE04EC0-301F-11D3-BF4B-00C04F79EFBC}") = "DataController", "DataController\DataController.csproj", "{B6DFBCCA-F11F-4387-9FF4-B54959AA450B}"
EndProject
Project("{FAE04EC0-301F-11D3-BF4B-00C04F79EFBC}") = "APICallerTest", "ApiCallerTest\APICallerTest.csproj", "{D45DD8FC-3958-4C42-A7F2-5AF7F2B750F2}"
EndProject
Global
	GlobalSection(SolutionConfigurationPlatforms) = preSolution
		Debug|Any CPU = Debug|Any CPU
		Release|Any CPU = Release|Any CPU
	EndGlobalSection
	GlobalSection(SolutionProperties) = preSolution
		HideSolutionNode = FALSE
	EndGlobalSection
	GlobalSection(ProjectConfigurationPlatforms) = postSolution
		{B6DFBCCA-F11F-4387-9FF4-B54959AA450B}.Debug|Any CPU.ActiveCfg = Debug|Any CPU
		{B6DFBCCA-F11F-4387-9FF4-B54959AA450B}.Debug|Any CPU.Build.0 = Debug|Any CPU
		{B6DFBCCA-F11F-4387-9FF4-B54959AA450B}.Release|Any CPU.ActiveCfg = Release|Any CPU
		{B6DFBCCA-F11F-4387-9FF4-B54959AA450B}.Release|Any CPU.Build.0 = Release|Any CPU
		{D45DD8FC-3958-4C42-A7F2-5AF7F2B750F2}.Debug|Any CPU.ActiveCfg = Debug|Any CPU
		{D45DD8FC-3958-4C42-A7F2-5AF7F2B750F2}.Debug|Any CPU.Build.0 = Debug|Any CPU
		{D45DD8FC-3958-4C42-A7F2-5AF7F2B750F2}.Release|Any CPU.ActiveCfg = Release|Any CPU
		{D45DD8FC-3958-4C42-A7F2-5AF7F2B750F2}.Release|Any CPU.Build.0 = Release|Any CPU
	EndGlobalSection
EndGlobal
